{
    "_readme": [
        "This file locks the dependencies of your project to a known state",
        "Read more about it at https://getcomposer.org/doc/01-basic-usage.md#installing-dependencies",
        "This file is @generated automatically"
    ],
    "content-hash": "8ab5f4372de18157c3bf09c7bd852997",
    "packages": [
        {
            "name": "select2/select2",
            "version": "4.0.13",
            "source": {
                "type": "git",
                "url": "https://github.com/select2/select2.git",
                "reference": "45f2b83ceed5231afa7b3d5b12b58ad335edd82e"
            },
            "dist": {
                "type": "zip",
                "url": "https://api.github.com/repos/select2/select2/zipball/45f2b83ceed5231afa7b3d5b12b58ad335edd82e",
                "reference": "45f2b83ceed5231afa7b3d5b12b58ad335edd82e",
                "shasum": ""
            },
            "type": "component",
            "extra": {
                "component": {
                    "scripts": [
                        "dist/js/select2.js"
                    ],
                    "styles": [
                        "dist/css/select2.css"
                    ],
                    "files": [
                        "dist/js/select2.js",
                        "dist/js/i18n/*.js",
                        "dist/css/select2.css"
                    ]
                }
            },
            "notification-url": "https://packagist.org/downloads/",
            "license": [
                "MIT"
            ],
            "description": "Select2 is a jQuery based replacement for select boxes.",
            "homepage": "https://select2.org/",
            "support": {
                "issues": "https://github.com/select2/select2/issues",
                "source": "https://github.com/select2/select2/tree/4.0.13"
            },
            "time": "2020-01-28T05:01:22+00:00"
        },
        {
            "name": "ttskch/select2-bootstrap4-theme",
            "version": "1.5.2",
            "source": {
                "type": "git",
                "url": "https://github.com/ttskch/select2-bootstrap4-theme.git",
                "reference": "03fe405b21e4f8165a617b2b269346b1ffdc3619"
            },
            "dist": {
                "type": "zip",
                "url": "https://api.github.com/repos/ttskch/select2-bootstrap4-theme/zipball/03fe405b21e4f8165a617b2b269346b1ffdc3619",
                "reference": "03fe405b21e4f8165a617b2b269346b1ffdc3619",
                "shasum": ""
            },
            "type": "library",
            "notification-url": "https://packagist.org/downloads/",
            "license": [
                "MIT"
            ],
            "authors": [
                {
                    "name": "Takashi Kanemoto",
                    "email": "ttskch@gmail.com"
                }
            ],
            "description": "Select2 v4 theme for Bootstrap4",
            "keywords": [
                "bootstrap",
                "bootstrap4",
                "css",
                "scss",
                "select2",
                "theme"
            ],
            "support": {
                "issues": "https://github.com/ttskch/select2-bootstrap4-theme/issues",
                "source": "https://github.com/ttskch/select2-bootstrap4-theme/tree/1.5.2"
            },
            "funding": [
                {
                    "url": "https://www.paypal.com/paypalme/ttskch",
                    "type": "custom"
                }
            ],
            "time": "2021-01-28T07:02:26+00:00"
        }
    ],
    "packages-dev": [],
    "aliases": [],
    "minimum-stability": "stable",
    "stability-flags": [],
    "prefer-stable": false,
    "prefer-lowest": false,
    "platform": [],
    "platform-dev": [],
    "plugin-api-version": "2.2.0"
}
